{
  "requires": true,
  "lockfileVersion": 1,
  "dependencies": {
    "angular-cookies": {
      "version": "1.8.2",
      "resolved": "https://registry.npmjs.org/angular-cookies/-/angular-cookies-1.8.2.tgz",
      "integrity": "sha512-M6fCnsnw1pj1+nXuO28ilJ+h6pFCIXQKSEgy9/PIoN0sZr5FqsE9BK18PdBQa8dif+fnHCAYpPU8MgDzT/sZSg=="
    }
  }
}
